
Microsoft Visual Studio Solution File, Format Version 12.00
# Visual Studio Version 16
VisualStudioVersion = 16.0.31515.178
MinimumVisualStudioVersion = 10.0.40219.1
Project("{FAE04EC0-301F-11D3-BF4B-00C04F79EFBC}") = "Dutal", "Dutal\Dutal.csproj", "{19CB2346-1331-49A9-9BC4-3017DDE98E72}"
EndProject
Global
	GlobalSection(SolutionConfigurationPlatforms) = preSolution
		Debug|Any CPU = Debug|Any CPU
		Release|Any CPU = Release|Any CPU
	EndGlobalSection
	GlobalSection(ProjectConfigurationPlatforms) = postSolution
		{19CB2346-1331-49A9-9BC4-3017DDE98E72}.Debug|Any CPU.ActiveCfg = Debug|Any CPU
		{19CB2346-1331-49A9-9BC4-3017DDE98E72}.Debug|Any CPU.Build.0 = Debug|Any CPU
		{19CB2346-1331-49A9-9BC4-3017DDE98E72}.Release|Any CPU.ActiveCfg = Release|Any CPU
		{19CB2346-1331-49A9-9BC4-3017DDE98E72}.Release|Any CPU.Build.0 = Release|Any CPU
	EndGlobalSection
	GlobalSection(SolutionProperties) = preSolution
		HideSolutionNode = FALSE
	EndGlobalSection
	GlobalSection(ExtensibilityGlobals) = postSolution
		SolutionGuid = {ADC8F877-A20C-40C3-86FB-C95A1C007F29}
	EndGlobalSection
EndGlobal
